
Microsoft Visual Studio Solution File, Format Version 12.00
# Visual Studio Version 17
VisualStudioVersion = 17.5.33516.290
MinimumVisualStudioVersion = 10.0.40219.1
Project("{8BC9CEB8-8B4A-11D0-8D11-00A0C91BC942}") = "fibonacci_ricorsivo", "fibonacci_ricorsivo.vcxproj", "{24838CC2-609D-4C59-A8BE-7374A3E46019}"
EndProject
Global
	GlobalSection(SolutionConfigurationPlatforms) = preSolution
		Debug|x64 = Debug|x64
		Debug|x86 = Debug|x86
		Release|x64 = Release|x64
		Release|x86 = Release|x86
	EndGlobalSection
	GlobalSection(ProjectConfigurationPlatforms) = postSolution
		{24838CC2-609D-4C59-A8BE-7374A3E46019}.Debug|x64.ActiveCfg = Debug|x64
		{24838CC2-609D-4C59-A8BE-7374A3E46019}.Debug|x64.Build.0 = Debug|x64
		{24838CC2-609D-4C59-A8BE-7374A3E46019}.Debug|x86.ActiveCfg = Debug|Win32
		{24838CC2-609D-4C59-A8BE-7374A3E46019}.Debug|x86.Build.0 = Debug|Win32
		{24838CC2-609D-4C59-A8BE-7374A3E46019}.Release|x64.ActiveCfg = Release|x64
		{24838CC2-609D-4C59-A8BE-7374A3E46019}.Release|x64.Build.0 = Release|x64
		{24838CC2-609D-4C59-A8BE-7374A3E46019}.Release|x86.ActiveCfg = Release|Win32
		{24838CC2-609D-4C59-A8BE-7374A3E46019}.Release|x86.Build.0 = Release|Win32
	EndGlobalSection
	GlobalSection(SolutionProperties) = preSolution
		HideSolutionNode = FALSE
	EndGlobalSection
	GlobalSection(ExtensibilityGlobals) = postSolution
		SolutionGuid = {C4C71578-137E-4079-8CA3-B59496B93862}
	EndGlobalSection
EndGlobal
